{
  "version": 4,
  "terraform_version": "1.12.2",
  "serial": 63,
  "lineage": "c9cde6d1-a6d6-47c0-173a-1411bb5ccfa4",
  "outputs": {
    "api_id": {
      "value": "1logxd2bnf",
      "type": "string"
    },
    "items_endpoint": {
      "value": "https://1logxd2bnf.execute-api.ap-northeast-1.amazonaws.com/dev/items",
      "type": "string"
    },
    "root_endpoint": {
      "value": "https://1logxd2bnf.execute-api.ap-northeast-1.amazonaws.com/dev/",
      "type": "string"
    }
  },
  "resources": [
    {
      "mode": "managed",
      "type": "aws_api_gateway_deployment",
      "name": "example",
      "provider": "provider[\"registry.terraform.io/hashicorp/aws\"]",
      "instances": [
        {
          "schema_version": 0,
          "attributes": {
            "created_date": "2025-06-29T11:24:21Z",
            "description": "",
            "id": "2o8nzk",
            "region": "ap-northeast-1",
            "rest_api_id": "1logxd2bnf",
            "triggers": {
              "redeployment": "1f2d86147997730c5a7fec857979707a55cbae82"
            },
            "variables": null
          },
          "sensitive_attributes": [],
          "identity_schema_version": 0,
          "private": "bnVsbA==",
          "dependencies": [
            "aws_api_gateway_integration.example",
            "aws_api_gateway_integration.root",
            "aws_api_gateway_integration_response.example",
            "aws_api_gateway_integration_response.root",
            "aws_api_gateway_method.example",
            "aws_api_gateway_method.root",
            "aws_api_gateway_method_response.example",
            "aws_api_gateway_method_response.root",
            "aws_api_gateway_resource.items",
            "aws_api_gateway_rest_api.example"
          ]
        }
      ]
    },
    {
      "mode": "managed",
      "type": "aws_api_gateway_integration",
      "name": "example",
      "provider": "provider[\"registry.terraform.io/hashicorp/aws\"]",
      "instances": [
        {
          "schema_version": 0,
          "attributes": {
            "cache_key_parameters": [],
            "cache_namespace": "z8o4kt",
            "connection_id": "",
            "connection_type": "INTERNET",
            "content_handling": "",
            "credentials": "",
            "http_method": "GET",
            "id": "agi-1logxd2bnf-z8o4kt-GET",
            "integration_http_method": "",
            "passthrough_behavior": "WHEN_NO_MATCH",
            "region": "ap-northeast-1",
            "request_parameters": {},
            "request_templates": {
              "application/json": "{\"statusCode\": 200}"
            },
            "resource_id": "z8o4kt",
            "rest_api_id": "1logxd2bnf",
            "timeout_milliseconds": 29000,
            "tls_config": [],
            "type": "MOCK",
            "uri": ""
          },
          "sensitive_attributes": [],
          "identity_schema_version": 0,
          "private": "bnVsbA==",
          "dependencies": [
            "aws_api_gateway_method.example",
            "aws_api_gateway_resource.items",
            "aws_api_gateway_rest_api.example"
          ]
        }
      ]
    },
    {
      "mode": "managed",
      "type": "aws_api_gateway_integration",
      "name": "root",
      "provider": "provider[\"registry.terraform.io/hashicorp/aws\"]",
      "instances": [
        {
          "schema_version": 0,
          "attributes": {
            "cache_key_parameters": [],
            "cache_namespace": "jmkieajbj7",
            "connection_id": "",
            "connection_type": "INTERNET",
            "content_handling": "",
            "credentials": "",
            "http_method": "GET",
            "id": "agi-1logxd2bnf-jmkieajbj7-GET",
            "integration_http_method": "",
            "passthrough_behavior": "WHEN_NO_MATCH",
            "region": "ap-northeast-1",
            "request_parameters": {},
            "request_templates": {
              "application/json": "{\"statusCode\": 200}"
            },
            "resource_id": "jmkieajbj7",
            "rest_api_id": "1logxd2bnf",
            "timeout_milliseconds": 29000,
            "tls_config": [],
            "type": "MOCK",
            "uri": ""
          },
          "sensitive_attributes": [],
          "identity_schema_version": 0,
          "private": "bnVsbA==",
          "dependencies": [
            "aws_api_gateway_method.root",
            "aws_api_gateway_rest_api.example"
          ]
        }
      ]
    },
    {
      "mode": "managed",
      "type": "aws_api_gateway_integration_response",
      "name": "example",
      "provider": "provider[\"registry.terraform.io/hashicorp/aws\"]",
      "instances": [
        {
          "schema_version": 0,
          "attributes": {
            "content_handling": "",
            "http_method": "GET",
            "id": "agir-1logxd2bnf-z8o4kt-GET-200",
            "region": "ap-northeast-1",
            "resource_id": "z8o4kt",
            "response_parameters": null,
            "response_templates": {
              "application/json": "{\"message\":\"Successfully retrieved items\"}"
            },
            "rest_api_id": "1logxd2bnf",
            "selection_pattern": "",
            "status_code": "200"
          },
          "sensitive_attributes": [],
          "identity_schema_version": 0,
          "private": "bnVsbA==",
          "dependencies": [
            "aws_api_gateway_method.example",
            "aws_api_gateway_resource.items",
            "aws_api_gateway_rest_api.example"
          ]
        }
      ]
    },
    {
      "mode": "managed",
      "type": "aws_api_gateway_integration_response",
      "name": "root",
      "provider": "provider[\"registry.terraform.io/hashicorp/aws\"]",
      "instances": [
        {
          "schema_version": 0,
          "attributes": {
            "content_handling": "",
            "http_method": "GET",
            "id": "agir-1logxd2bnf-jmkieajbj7-GET-200",
            "region": "ap-northeast-1",
            "resource_id": "jmkieajbj7",
            "response_parameters": null,
            "response_templates": {
              "application/json": "{\"message\":\"Welcome to the API Gateway\"}"
            },
            "rest_api_id": "1logxd2bnf",
            "selection_pattern": "",
            "status_code": "200"
          },
          "sensitive_attributes": [],
          "identity_schema_version": 0,
          "private": "bnVsbA==",
          "dependencies": [
            "aws_api_gateway_method.root",
            "aws_api_gateway_rest_api.example"
          ]
        }
      ]
    },
    {
      "mode": "managed",
      "type": "aws_api_gateway_method",
      "name": "example",
      "provider": "provider[\"registry.terraform.io/hashicorp/aws\"]",
      "instances": [
        {
          "schema_version": 0,
          "attributes": {
            "api_key_required": false,
            "authorization": "NONE",
            "authorization_scopes": [],
            "authorizer_id": "",
            "http_method": "GET",
            "id": "agm-1logxd2bnf-z8o4kt-GET",
            "operation_name": "",
            "region": "ap-northeast-1",
            "request_models": {},
            "request_parameters": {},
            "request_validator_id": "",
            "resource_id": "z8o4kt",
            "rest_api_id": "1logxd2bnf"
          },
          "sensitive_attributes": [],
          "identity_schema_version": 0,
          "private": "bnVsbA==",
          "dependencies": [
            "aws_api_gateway_resource.items",
            "aws_api_gateway_rest_api.example"
          ]
        }
      ]
    },
    {
      "mode": "managed",
      "type": "aws_api_gateway_method",
      "name": "root",
      "provider": "provider[\"registry.terraform.io/hashicorp/aws\"]",
      "instances": [
        {
          "schema_version": 0,
          "attributes": {
            "api_key_required": false,
            "authorization": "NONE",
            "authorization_scopes": [],
            "authorizer_id": "",
            "http_method": "GET",
            "id": "agm-1logxd2bnf-jmkieajbj7-GET",
            "operation_name": "",
            "region": "ap-northeast-1",
            "request_models": {},
            "request_parameters": {},
            "request_validator_id": "",
            "resource_id": "jmkieajbj7",
            "rest_api_id": "1logxd2bnf"
          },
          "sensitive_attributes": [],
          "identity_schema_version": 0,
          "private": "bnVsbA==",
          "dependencies": [
            "aws_api_gateway_rest_api.example"
          ]
        }
      ]
    },
    {
      "mode": "managed",
      "type": "aws_api_gateway_method_response",
      "name": "example",
      "provider": "provider[\"registry.terraform.io/hashicorp/aws\"]",
      "instances": [
        {
          "schema_version": 0,
          "attributes": {
            "http_method": "GET",
            "id": "agmr-1logxd2bnf-z8o4kt-GET-200",
            "region": "ap-northeast-1",
            "resource_id": "z8o4kt",
            "response_models": {
              "application/json": "Empty"
            },
            "response_parameters": {},
            "rest_api_id": "1logxd2bnf",
            "status_code": "200"
          },
          "sensitive_attributes": [],
          "identity_schema_version": 0,
          "private": "bnVsbA==",
          "dependencies": [
            "aws_api_gateway_method.example",
            "aws_api_gateway_resource.items",
            "aws_api_gateway_rest_api.example"
          ]
        }
      ]
    },
    {
      "mode": "managed",
      "type": "aws_api_gateway_method_response",
      "name": "root",
      "provider": "provider[\"registry.terraform.io/hashicorp/aws\"]",
      "instances": [
        {
          "schema_version": 0,
          "attributes": {
            "http_method": "GET",
            "id": "agmr-1logxd2bnf-jmkieajbj7-GET-200",
            "region": "ap-northeast-1",
            "resource_id": "jmkieajbj7",
            "response_models": {
              "application/json": "Empty"
            },
            "response_parameters": {},
            "rest_api_id": "1logxd2bnf",
            "status_code": "200"
          },
          "sensitive_attributes": [],
          "identity_schema_version": 0,
          "private": "bnVsbA==",
          "dependencies": [
            "aws_api_gateway_method.root",
            "aws_api_gateway_rest_api.example"
          ]
        }
      ]
    },
    {
      "mode": "managed",
      "type": "aws_api_gateway_resource",
      "name": "items",
      "provider": "provider[\"registry.terraform.io/hashicorp/aws\"]",
      "instances": [
        {
          "schema_version": 0,
          "attributes": {
            "id": "z8o4kt",
            "parent_id": "jmkieajbj7",
            "path": "/items",
            "path_part": "items",
            "region": "ap-northeast-1",
            "rest_api_id": "1logxd2bnf"
          },
          "sensitive_attributes": [],
          "identity_schema_version": 0,
          "private": "bnVsbA==",
          "dependencies": [
            "aws_api_gateway_rest_api.example"
          ]
        }
      ]
    },
    {
      "mode": "managed",
      "type": "aws_api_gateway_rest_api",
      "name": "example",
      "provider": "provider[\"registry.terraform.io/hashicorp/aws\"]",
      "instances": [
        {
          "schema_version": 0,
          "attributes": {
            "api_key_source": "HEADER",
            "arn": "arn:aws:apigateway:ap-northeast-1::/restapis/1logxd2bnf",
            "binary_media_types": [],
            "body": null,
            "created_date": "2025-06-29T11:23:13Z",
            "description": "Example API Gateway REST API",
            "disable_execute_api_endpoint": false,
            "endpoint_configuration": [
              {
                "ip_address_type": "ipv4",
                "types": [
                  "EDGE"
                ],
                "vpc_endpoint_ids": []
              }
            ],
            "execution_arn": "arn:aws:execute-api:ap-northeast-1:110611798404:1logxd2bnf",
            "fail_on_warnings": null,
            "id": "1logxd2bnf",
            "minimum_compression_size": "",
            "name": "example-api",
            "parameters": null,
            "policy": "",
            "put_rest_api_mode": null,
            "region": "ap-northeast-1",
            "root_resource_id": "jmkieajbj7",
            "tags": {},
            "tags_all": {}
          },
          "sensitive_attributes": [],
          "identity_schema_version": 0,
          "private": "bnVsbA=="
        }
      ]
    },
    {
      "mode": "managed",
      "type": "aws_api_gateway_stage",
      "name": "dev",
      "provider": "provider[\"registry.terraform.io/hashicorp/aws\"]",
      "instances": [
        {
          "schema_version": 0,
          "attributes": {
            "access_log_settings": [],
            "arn": "arn:aws:apigateway:ap-northeast-1::/restapis/1logxd2bnf/stages/dev",
            "cache_cluster_enabled": false,
            "cache_cluster_size": "",
            "canary_settings": [],
            "client_certificate_id": "",
            "deployment_id": "2o8nzk",
            "description": "",
            "documentation_version": "",
            "execution_arn": "arn:aws:execute-api:ap-northeast-1:110611798404:1logxd2bnf/dev",
            "id": "ags-1logxd2bnf-dev",
            "invoke_url": "https://1logxd2bnf.execute-api.ap-northeast-1.amazonaws.com/dev",
            "region": "ap-northeast-1",
            "rest_api_id": "1logxd2bnf",
            "stage_name": "dev",
            "tags": null,
            "tags_all": {},
            "variables": null,
            "web_acl_arn": "",
            "xray_tracing_enabled": false
          },
          "sensitive_attributes": [],
          "identity_schema_version": 0,
          "private": "bnVsbA==",
          "dependencies": [
            "aws_api_gateway_deployment.example",
            "aws_api_gateway_integration.example",
            "aws_api_gateway_integration.root",
            "aws_api_gateway_integration_response.example",
            "aws_api_gateway_integration_response.root",
            "aws_api_gateway_method.example",
            "aws_api_gateway_method.root",
            "aws_api_gateway_method_response.example",
            "aws_api_gateway_method_response.root",
            "aws_api_gateway_resource.items",
            "aws_api_gateway_rest_api.example"
          ]
        }
      ]
    }
  ],
  "check_results": null
}
